
Microsoft Visual Studio Solution File, Format Version 12.00
# Visual Studio Version 17
VisualStudioVersion = 17.4.33110.190
MinimumVisualStudioVersion = 10.0.40219.1
Project("{9A19103F-16F7-4668-BE54-9A1E7A4F7556}") = "Img to ASCII", "Img to ASCII\Img to ASCII.csproj", "{B308F5E4-E3A7-4D25-9678-047C4F42ECD3}"
EndProject
Project("{2150E333-8FDC-42A3-9474-1A3956D46DE8}") = "Solution Items", "Solution Items", "{9D7E6FB1-E24E-4F6E-BE95-1B7D14E2B265}"
	ProjectSection(SolutionItems) = preProject
		..\..\Doom guy20.jpg = ..\..\Doom guy20.jpg
		..\..\Doom guy40.png = ..\..\Doom guy40.png
	EndProjectSection
EndProject
Global
	GlobalSection(SolutionConfigurationPlatforms) = preSolution
		Debug|Any CPU = Debug|Any CPU
		Release|Any CPU = Release|Any CPU
	EndGlobalSection
	GlobalSection(ProjectConfigurationPlatforms) = postSolution
		{B308F5E4-E3A7-4D25-9678-047C4F42ECD3}.Debug|Any CPU.ActiveCfg = Debug|Any CPU
		{B308F5E4-E3A7-4D25-9678-047C4F42ECD3}.Debug|Any CPU.Build.0 = Debug|Any CPU
		{B308F5E4-E3A7-4D25-9678-047C4F42ECD3}.Release|Any CPU.ActiveCfg = Release|Any CPU
		{B308F5E4-E3A7-4D25-9678-047C4F42ECD3}.Release|Any CPU.Build.0 = Release|Any CPU
	EndGlobalSection
	GlobalSection(SolutionProperties) = preSolution
		HideSolutionNode = FALSE
	EndGlobalSection
	GlobalSection(ExtensibilityGlobals) = postSolution
		SolutionGuid = {2BC53777-CFAA-4D60-9BEB-6114DBC125E1}
	EndGlobalSection
EndGlobal
